{
  "name": "aify-wrapper",
  "version": "0.6.5",
  "lockfileVersion": 3,
  "requires": true,
  "packages": {
    "": {
      "name": "aify-wrapper",
      "version": "0.6.5",
      "license": "MIT",
      "bin": {
        "aify-herdr-pane": "bin/aify-herdr-pane.mjs",
        "aify-wrapper-check": "bin/aify-wrapper-check.mjs",
        "aify-wrapper-install": "install.sh",
        "herdr-aify": "bin/herdr-aify.mjs"
      }
    }
  }
}
